// !$*UTF8*$!
{
	archiveVersion = 1;
	classes = {
	};
	objectVersion = 50;
	objects = {

/* Begin PBXBuildFile section */
		09418EFE25C9860400660315 /* Ecommerce_GlassesApp.swift in Sources */ = {isa = PBXBuildFile; fileRef = 09418EFD25C9860400660315 /* Ecommerce_GlassesApp.swift */; };
		09418F0025C9860400660315 /* ContentView.swift in Sources */ = {isa = PBXBuildFile; fileRef = 09418EFF25C9860400660315 /* ContentView.swift */; };
		09418F0225C9860500660315 /* Assets.xcassets in Resources */ = {isa = PBXBuildFile; fileRef = 09418F0125C9860500660315 /* Assets.xcassets */; };
		09418F0525C9860500660315 /* Preview Assets.xcassets in Resources */ = {isa = PBXBuildFile; fileRef = 09418F0425C9860500660315 /* Preview Assets.xcassets */; };
		09418F1125CAC72D00660315 /* Home.swift in Sources */ = {isa = PBXBuildFile; fileRef = 09418F1025CAC72D00660315 /* Home.swift */; };
		09418F1525CACFAD00660315 /* TabButton.swift in Sources */ = {isa = PBXBuildFile; fileRef = 09418F1425CACFAD00660315 /* TabButton.swift */; };
		09418F1825CAD25F00660315 /* Item.swift in Sources */ = {isa = PBXBuildFile; fileRef = 09418F1725CAD25F00660315 /* Item.swift */; };
		09418F1B25CAD43C00660315 /* CardView.swift in Sources */ = {isa = PBXBuildFile; fileRef = 09418F1A25CAD43C00660315 /* CardView.swift */; };
		09418F1E25CAF34000660315 /* Detail.swift in Sources */ = {isa = PBXBuildFile; fileRef = 09418F1D25CAF34000660315 /* Detail.swift */; };
		09418F2125CB06BE00660315 /* CustomShape.swift in Sources */ = {isa = PBXBuildFile; fileRef = 09418F2025CB06BE00660315 /* CustomShape.swift */; };
/* End PBXBuildFile section */

/* Begin PBXFileReference section */
		09418EFA25C9860400660315 /* Ecommerce-Glasses.app */ = {isa = PBXFileReference; explicitFileType = wrapper.application; includeInIndex = 0; path = "Ecommerce-Glasses.app"; sourceTree = BUILT_PRODUCTS_DIR; };
		09418EFD25C9860400660315 /* Ecommerce_GlassesApp.swift */ = {isa = PBXFileReference; lastKnownFileType = sourcecode.swift; path = Ecommerce_GlassesApp.swift; sourceTree = "<group>"; };
		09418EFF25C9860400660315 /* ContentView.swift */ = {isa = PBXFileReference; lastKnownFileType = sourcecode.swift; path = ContentView.swift; sourceTree = "<group>"; };
		09418F0125C9860500660315 /* Assets.xcassets */ = {isa = PBXFileReference; lastKnownFileType = folder.assetcatalog; path = Assets.xcassets; sourceTree = "<group>"; };
		09418F0425C9860500660315 /* Preview Assets.xcassets */ = {isa = PBXFileReference; lastKnownFileType = folder.assetcatalog; path = "Preview Assets.xcassets"; sourceTree = "<group>"; };
		09418F0625C9860500660315 /* Info.plist */ = {isa = PBXFileReference; lastKnownFileType = text.plist.xml; path = Info.plist; sourceTree = "<group>"; };
		09418F1025CAC72D00660315 /* Home.swift */ = {isa = PBXFileReference; lastKnownFileType = sourcecode.swift; path = Home.swift; sourceTree = "<group>"; };
		09418F1425CACFAD00660315 /* TabButton.swift */ = {isa = PBXFileReference; lastKnownFileType = sourcecode.swift; path = TabButton.swift; sourceTree = "<group>"; };
		09418F1725CAD25F00660315 /* Item.swift */ = {isa = PBXFileReference; lastKnownFileType = sourcecode.swift; path = Item.swift; sourceTree = "<group>"; };
		09418F1A25CAD43C00660315 /* CardView.swift */ = {isa = PBXFileReference; lastKnownFileType = sourcecode.swift; path = CardView.swift; sourceTree = "<group>"; };
		09418F1D25CAF34000660315 /* Detail.swift */ = {isa = PBXFileReference; lastKnownFileType = sourcecode.swift; path = Detail.swift; sourceTree = "<group>"; };
		09418F2025CB06BE00660315 /* CustomShape.swift */ = {isa = PBXFileReference; lastKnownFileType = sourcecode.swift; path = CustomShape.swift; sourceTree = "<group>"; };
/* End PBXFileReference section */

/* Begin PBXFrameworksBuildPhase section */
		09418EF725C9860400660315 /* Frameworks */ = {
			isa = PBXFrameworksBuildPhase;
			buildActionMask = 2147483647;
			files = (
			);
			runOnlyForDeploymentPostprocessing = 0;
		};
/* End PBXFrameworksBuildPhase section */

/* Begin PBXGroup section */
		09418EF125C9860400660315 = {
			isa = PBXGroup;
			children = (
				09418EFC25C9860400660315 /* Ecommerce-Glasses */,
				09418EFB25C9860400660315 /* Products */,
			);
			sourceTree = "<group>";
		};
		09418EFB25C9860400660315 /* Products */ = {
			isa = PBXGroup;
			children = (
				09418EFA25C9860400660315 /* Ecommerce-Glasses.app */,
			);
			name = Products;
			sourceTree = "<group>";
		};
		09418EFC25C9860400660315 /* Ecommerce-Glasses */ = {
			isa = PBXGroup;
			children = (
				09418F0F25CAC72300660315 /* Model */,
				09418F0E25CAC71D00660315 /* View */,
				09418EFD25C9860400660315 /* Ecommerce_GlassesApp.swift */,
				09418EFF25C9860400660315 /* ContentView.swift */,
				09418F0125C9860500660315 /* Assets.xcassets */,
				09418F0625C9860500660315 /* Info.plist */,
				09418F0325C9860500660315 /* Preview Content */,
			);
			path = "Ecommerce-Glasses";
			sourceTree = "<group>";
		};
		09418F0325C9860500660315 /* Preview Content */ = {
			isa = PBXGroup;
			children = (
				09418F0425C9860500660315 /* Preview Assets.xcassets */,
			);
			path = "Preview Content";
			sourceTree = "<group>";
		};
		09418F0E25CAC71D00660315 /* View */ = {
			isa = PBXGroup;
			children = (
				09418F1025CAC72D00660315 /* Home.swift */,
				09418F1425CACFAD00660315 /* TabButton.swift */,
				09418F1A25CAD43C00660315 /* CardView.swift */,
				09418F1D25CAF34000660315 /* Detail.swift */,
				09418F2025CB06BE00660315 /* CustomShape.swift */,
			);
			path = View;
			sourceTree = "<group>";
		};
		09418F0F25CAC72300660315 /* Model */ = {
			isa = PBXGroup;
			children = (
				09418F1725CAD25F00660315 /* Item.swift */,
			);
			path = Model;
			sourceTree = "<group>";
		};
/* End PBXGroup section */

/* Begin PBXNativeTarget section */
		09418EF925C9860400660315 /* Ecommerce-Glasses */ = {
			isa = PBXNativeTarget;
			buildConfigurationList = 09418F0925C9860500660315 /* Build configuration list for PBXNativeTarget "Ecommerce-Glasses" */;
			buildPhases = (
				09418EF625C9860400660315 /* Sources */,
				09418EF725C9860400660315 /* Frameworks */,
				09418EF825C9860400660315 /* Resources */,
			);
			buildRules = (
			);
			dependencies = (
			);
			name = "Ecommerce-Glasses";
			productName = "Ecommerce-Glasses";
			productReference = 09418EFA25C9860400660315 /* Ecommerce-Glasses.app */;
			productType = "com.apple.product-type.application";
		};
/* End PBXNativeTarget section */

/* Begin PBXProject section */
		09418EF225C9860400660315 /* Project object */ = {
			isa = PBXProject;
			attributes = {
				LastSwiftUpdateCheck = 1220;
				LastUpgradeCheck = 1220;
				TargetAttributes = {
					09418EF925C9860400660315 = {
						CreatedOnToolsVersion = 12.2;
					};
				};
			};
			buildConfigurationList = 09418EF525C9860400660315 /* Build configuration list for PBXProject "Ecommerce-Glasses" */;
			compatibilityVersion = "Xcode 9.3";
			developmentRegion = en;
			hasScannedForEncodings = 0;
			knownRegions = (
				en,
				Base,
			);
			mainGroup = 09418EF125C9860400660315;
			productRefGroup = 09418EFB25C9860400660315 /* Products */;
			projectDirPath = "";
			projectRoot = "";
			targets = (
				09418EF925C9860400660315 /* Ecommerce-Glasses */,
			);
		};
/* End PBXProject section */

/* Begin PBXResourcesBuildPhase section */
		09418EF825C9860400660315 /* Resources */ = {
			isa = PBXResourcesBuildPhase;
			buildActionMask = 2147483647;
			files = (
				09418F0525C9860500660315 /* Preview Assets.xcassets in Resources */,
				09418F0225C9860500660315 /* Assets.xcassets in Resources */,
			);
			runOnlyForDeploymentPostprocessing = 0;
		};
/* End PBXResourcesBuildPhase section */

/* Begin PBXSourcesBuildPhase section */
		09418EF625C9860400660315 /* Sources */ = {
			isa = PBXSourcesBuildPhase;
			buildActionMask = 2147483647;
			files = (
				09418F2125CB06BE00660315 /* CustomShape.swift in Sources */,
				09418F1825CAD25F00660315 /* Item.swift in Sources */,
				09418F1E25CAF34000660315 /* Detail.swift in Sources */,
				09418F0025C9860400660315 /* ContentView.swift in Sources */,
				09418F1525CACFAD00660315 /* TabButton.swift in Sources */,
				09418F1125CAC72D00660315 /* Home.swift in Sources */,
				09418F1B25CAD43C00660315 /* CardView.swift in Sources */,
				09418EFE25C9860400660315 /* Ecommerce_GlassesApp.swift in Sources */,
			);
			runOnlyForDeploymentPostprocessing = 0;
		};
/* End PBXSourcesBuildPhase section */

/* Begin XCBuildConfiguration section */
		09418F0725C9860500660315 /* Debug */ = {
			isa = XCBuildConfiguration;
			buildSettings = {
				ALWAYS_SEARCH_USER_PATHS = NO;
				CLANG_ANALYZER_NONNULL = YES;
				CLANG_ANALYZER_NUMBER_OBJECT_CONVERSION = YES_AGGRESSIVE;
				CLANG_CXX_LANGUAGE_STANDARD = "gnu++14";
				CLANG_CXX_LIBRARY = "libc++";
				CLANG_ENABLE_MODULES = YES;
				CLANG_ENABLE_OBJC_ARC = YES;
				CLANG_ENABLE_OBJC_WEAK = YES;
				CLANG_WARN_BLOCK_CAPTURE_AUTORELEASING = YES;
				CLANG_WARN_BOOL_CONVERSION = YES;
				CLANG_WARN_COMMA = YES;
				CLANG_WARN_CONSTANT_CONVERSION = YES;
				CLANG_WARN_DEPRECATED_OBJC_IMPLEMENTATIONS = YES;
				CLANG_WARN_DIRECT_OBJC_ISA_USAGE = YES_ERROR;
				CLANG_WARN_DOCUMENTATION_COMMENTS = YES;
				CLANG_WARN_EMPTY_BODY = YES;
				CLANG_WARN_ENUM_CONVERSION = YES;
				CLANG_WARN_INFINITE_RECURSION = YES;
				CLANG_WARN_INT_CONVERSION = YES;
				CLANG_WARN_NON_LITERAL_NULL_CONVERSION = YES;
				CLANG_WARN_OBJC_IMPLICIT_RETAIN_SELF = YES;
				CLANG_WARN_OBJC_LITERAL_CONVERSION = YES;
				CLANG_WARN_OBJC_ROOT_CLASS = YES_ERROR;
				CLANG_WARN_QUOTED_INCLUDE_IN_FRAMEWORK_HEADER = YES;
				CLANG_WARN_RANGE_LOOP_ANALYSIS = YES;
				CLANG_WARN_STRICT_PROTOTYPES = YES;
				CLANG_WARN_SUSPICIOUS_MOVE = YES;
				CLANG_WARN_UNGUARDED_AVAILABILITY = YES_AGGRESSIVE;
				CLANG_WARN_UNREACHABLE_CODE = YES;
				CLANG_WARN__DUPLICATE_METHOD_MATCH = YES;
				COPY_PHASE_STRIP = NO;
				DEBUG_INFORMATION_FORMAT = dwarf;
				ENABLE_STRICT_OBJC_MSGSEND = YES;
				ENABLE_TESTABILITY = YES;
				GCC_C_LANGUAGE_STANDARD = gnu11;
				GCC_DYNAMIC_NO_PIC = NO;
				GCC_NO_COMMON_BLOCKS = YES;
				GCC_OPTIMIZATION_LEVEL = 0;
				GCC_PREPROCESSOR_DEFINITIONS = (
					"DEBUG=1",
					"$(inherited)",
				);
				GCC_WARN_64_TO_32_BIT_CONVERSION = YES;
				GCC_WARN_ABOUT_RETURN_TYPE = YES_ERROR;
				GCC_WARN_UNDECLARED_SELECTOR = YES;
				GCC_WARN_UNINITIALIZED_AUTOS = YES_AGGRESSIVE;
				GCC_WARN_UNUSED_FUNCTION = YES;
				GCC_WARN_UNUSED_VARIABLE = YES;
				IPHONEOS_DEPLOYMENT_TARGET = 14.2;
				MTL_ENABLE_DEBUG_INFO = INCLUDE_SOURCE;
				MTL_FAST_MATH = YES;
				ONLY_ACTIVE_ARCH = YES;
				SDKROOT = iphoneos;
				SWIFT_ACTIVE_COMPILATION_CONDITIONS = DEBUG;
				SWIFT_OPTIMIZATION_LEVEL = "-Onone";
			};
			name = Debug;
		};
		09418F0825C9860500660315 /* Release */ = {
			isa = XCBuildConfiguration;
			buildSettings = {
				ALWAYS_SEARCH_USER_PATHS = NO;
				CLANG_ANALYZER_NONNULL = YES;
				CLANG_ANALYZER_NUMBER_OBJECT_CONVERSION = YES_AGGRESSIVE;
				CLANG_CXX_LANGUAGE_STANDARD = "gnu++14";
				CLANG_CXX_LIBRARY = "libc++";
				CLANG_ENABLE_MODULES = YES;
				CLANG_ENABLE_OBJC_ARC = YES;
				CLANG_ENABLE_OBJC_WEAK = YES;
				CLANG_WARN_BLOCK_CAPTURE_AUTORELEASING = YES;
				CLANG_WARN_BOOL_CONVERSION = YES;
				CLANG_WARN_COMMA = YES;
				CLANG_WARN_CONSTANT_CONVERSION = YES;
				CLANG_WARN_DEPRECATED_OBJC_IMPLEMENTATIONS = YES;
				CLANG_WARN_DIRECT_OBJC_ISA_USAGE = YES_ERROR;
				CLANG_WARN_DOCUMENTATION_COMMENTS = YES;
				CLANG_WARN_EMPTY_BODY = YES;
				CLANG_WARN_ENUM_CONVERSION = YES;
				CLANG_WARN_INFINITE_RECURSION = YES;
				CLANG_WARN_INT_CONVERSION = YES;
				CLANG_WARN_NON_LITERAL_NULL_CONVERSION = YES;
				CLANG_WARN_OBJC_IMPLICIT_RETAIN_SELF = YES;
				CLANG_WARN_OBJC_LITERAL_CONVERSION = YES;
				CLANG_WARN_OBJC_ROOT_CLASS = YES_ERROR;
				CLANG_WARN_QUOTED_INCLUDE_IN_FRAMEWORK_HEADER = YES;
				CLANG_WARN_RANGE_LOOP_ANALYSIS = YES;
				CLANG_WARN_STRICT_PROTOTYPES = YES;
				CLANG_WARN_SUSPICIOUS_MOVE = YES;
				CLANG_WARN_UNGUARDED_AVAILABILITY = YES_AGGRESSIVE;
				CLANG_WARN_UNREACHABLE_CODE = YES;
				CLANG_WARN__DUPLICATE_METHOD_MATCH = YES;
				COPY_PHASE_STRIP = NO;
				DEBUG_INFORMATION_FORMAT = "dwarf-with-dsym";
				ENABLE_NS_ASSERTIONS = NO;
				ENABLE_STRICT_OBJC_MSGSEND = YES;
				GCC_C_LANGUAGE_STANDARD = gnu11;
				GCC_NO_COMMON_BLOCKS = YES;
				GCC_WARN_64_TO_32_BIT_CONVERSION = YES;
				GCC_WARN_ABOUT_RETURN_TYPE = YES_ERROR;
				GCC_WARN_UNDECLARED_SELECTOR = YES;
				GCC_WARN_UNINITIALIZED_AUTOS = YES_AGGRESSIVE;
				GCC_WARN_UNUSED_FUNCTION = YES;
				GCC_WARN_UNUSED_VARIABLE = YES;
				IPHONEOS_DEPLOYMENT_TARGET = 14.2;
				MTL_ENABLE_DEBUG_INFO = NO;
				MTL_FAST_MATH = YES;
				SDKROOT = iphoneos;
				SWIFT_COMPILATION_MODE = wholemodule;
				SWIFT_OPTIMIZATION_LEVEL = "-O";
				VALIDATE_PRODUCT = YES;
			};
			name = Release;
		};
		09418F0A25C9860500660315 /* Debug */ = {
			isa = XCBuildConfiguration;
			buildSettings = {
				ASSETCATALOG_COMPILER_APPICON_NAME = AppIcon;
				ASSETCATALOG_COMPILER_GLOBAL_ACCENT_COLOR_NAME = AccentColor;
				CODE_SIGN_STYLE = Automatic;
				DEVELOPMENT_ASSET_PATHS = "\"Ecommerce-Glasses/Preview Content\"";
				DEVELOPMENT_TEAM = XC48HTB69A;
				ENABLE_PREVIEWS = YES;
				INFOPLIST_FILE = "Ecommerce-Glasses/Info.plist";
				IPHONEOS_DEPLOYMENT_TARGET = 14.0;
				LD_RUNPATH_SEARCH_PATHS = (
					"$(inherited)",
					"@executable_path/Frameworks",
				);
				MARKETING_VERSION = 0.1.0;
				PRODUCT_BUNDLE_IDENTIFIER = "co.rjhrabowskie.Ecommerce-Glasses";
				PRODUCT_NAME = "$(TARGET_NAME)";
				SWIFT_VERSION = 5.0;
				TARGETED_DEVICE_FAMILY = "1,2";
			};
			name = Debug;
		};
		09418F0B25C9860500660315 /* Release */ = {
			isa = XCBuildConfiguration;
			buildSettings = {
				ASSETCATALOG_COMPILER_APPICON_NAME = AppIcon;
				ASSETCATALOG_COMPILER_GLOBAL_ACCENT_COLOR_NAME = AccentColor;
				CODE_SIGN_STYLE = Automatic;
				DEVELOPMENT_ASSET_PATHS = "\"Ecommerce-Glasses/Preview Content\"";
				DEVELOPMENT_TEAM = XC48HTB69A;
				ENABLE_PREVIEWS = YES;
				INFOPLIST_FILE = "Ecommerce-Glasses/Info.plist";
				IPHONEOS_DEPLOYMENT_TARGET = 14.0;
				LD_RUNPATH_SEARCH_PATHS = (
					"$(inherited)",
					"@executable_path/Frameworks",
				);
				MARKETING_VERSION = 0.1.0;
				PRODUCT_BUNDLE_IDENTIFIER = "co.rjhrabowskie.Ecommerce-Glasses";
				PRODUCT_NAME = "$(TARGET_NAME)";
				SWIFT_VERSION = 5.0;
				TARGETED_DEVICE_FAMILY = "1,2";
			};
			name = Release;
		};
/* End XCBuildConfiguration section */

/* Begin XCConfigurationList section */
		09418EF525C9860400660315 /* Build configuration list for PBXProject "Ecommerce-Glasses" */ = {
			isa = XCConfigurationList;
			buildConfigurations = (
				09418F0725C9860500660315 /* Debug */,
				09418F0825C9860500660315 /* Release */,
			);
			defaultConfigurationIsVisible = 0;
			defaultConfigurationName = Release;
		};
		09418F0925C9860500660315 /* Build configuration list for PBXNativeTarget "Ecommerce-Glasses" */ = {
			isa = XCConfigurationList;
			buildConfigurations = (
				09418F0A25C9860500660315 /* Debug */,
				09418F0B25C9860500660315 /* Release */,
			);
			defaultConfigurationIsVisible = 0;
			defaultConfigurationName = Release;
		};
/* End XCConfigurationList section */
	};
	rootObject = 09418EF225C9860400660315 /* Project object */;
}
